
Microsoft Visual Studio Solution File, Format Version 11.00
# Visual Studio 2010
Project("{FAE04EC0-301F-11D3-BF4B-00C04F79EFBC}") = "Unity.Timeline", "Unity.Timeline.csproj", "{927d930b-7181-0bcf-2875-794711d73f31}"
EndProject
Project("{FAE04EC0-301F-11D3-BF4B-00C04F79EFBC}") = "Unity.Timeline.Editor", "Unity.Timeline.Editor.csproj", "{e961accc-d446-4238-5a31-d12da1b1cbc5}"
EndProject
Project("{FAE04EC0-301F-11D3-BF4B-00C04F79EFBC}") = "Unity.PlasticSCM.Editor", "Unity.PlasticSCM.Editor.csproj", "{d1f0993c-34df-57d0-fc95-6ea448bc8f77}"
EndProject
Project("{FAE04EC0-301F-11D3-BF4B-00C04F79EFBC}") = "UnityEngine.UI", "UnityEngine.UI.csproj", "{74b703b0-fec5-ab52-f674-c778516addc7}"
EndProject
Project("{FAE04EC0-301F-11D3-BF4B-00C04F79EFBC}") = "UnityEngine.UI.Tests", "UnityEngine.UI.Tests.csproj", "{3c195870-51ef-9068-be27-85403de85177}"
EndProject
Project("{FAE04EC0-301F-11D3-BF4B-00C04F79EFBC}") = "UnityEditor.UI", "UnityEditor.UI.csproj", "{c63e1979-a329-2692-fbf6-df093b3518f7}"
EndProject
Project("{FAE04EC0-301F-11D3-BF4B-00C04F79EFBC}") = "Unity.Multiplayer.Center.Editor", "Unity.Multiplayer.Center.Editor.csproj", "{6ac42c92-84dc-8e3d-7a4d-cae85ad45482}"
EndProject
Project("{FAE04EC0-301F-11D3-BF4B-00C04F79EFBC}") = "UnityEditor.UI.Analytics", "UnityEditor.UI.Analytics.csproj", "{30f7be30-61d9-987b-519d-d157676a19b8}"
EndProject
Project("{FAE04EC0-301F-11D3-BF4B-00C04F79EFBC}") = "DocCodeExamples", "DocCodeExamples.csproj", "{a91f2e47-bb0f-7adb-f214-e66b7ae57047}"
EndProject
Project("{FAE04EC0-301F-11D3-BF4B-00C04F79EFBC}") = "Unity.Multiplayer.Center.Tests", "Unity.Multiplayer.Center.Tests.csproj", "{b4681daa-7a41-58cf-0b3b-73d1ad2ddbd1}"
EndProject
Project("{FAE04EC0-301F-11D3-BF4B-00C04F79EFBC}") = "Unity.Multiplayer.Center.Editor.Tests", "Unity.Multiplayer.Center.Editor.Tests.csproj", "{780b1601-2275-9837-89dc-31c9b212825e}"
EndProject
Project("{FAE04EC0-301F-11D3-BF4B-00C04F79EFBC}") = "Unity.AI.Navigation.Editor", "Unity.AI.Navigation.Editor.csproj", "{5632f12f-6e97-7f50-1ae0-002d0bd7f42b}"
EndProject
Project("{FAE04EC0-301F-11D3-BF4B-00C04F79EFBC}") = "Unity.VisualStudio.Editor", "Unity.VisualStudio.Editor.csproj", "{4bbc3fb9-1ff7-866f-1aff-3e8779c18737}"
EndProject
Project("{FAE04EC0-301F-11D3-BF4B-00C04F79EFBC}") = "Unity.TextMeshPro.Editor", "Unity.TextMeshPro.Editor.csproj", "{1d21cfa1-f10a-41a1-b7b3-67f4a6e7d539}"
EndProject
Project("{FAE04EC0-301F-11D3-BF4B-00C04F79EFBC}") = "Unity.Rider.Editor", "Unity.Rider.Editor.csproj", "{0b40da65-c0ec-efe7-dac4-710f923da779}"
EndProject
Project("{FAE04EC0-301F-11D3-BF4B-00C04F79EFBC}") = "Unity.AI.Navigation", "Unity.AI.Navigation.csproj", "{50f7b56a-7601-f0e3-a98e-ebcb7927f0ea}"
EndProject
Project("{FAE04EC0-301F-11D3-BF4B-00C04F79EFBC}") = "Assembly-CSharp", "Assembly-CSharp.csproj", "{7620d5a0-efc7-d5d4-3b05-9ae6cd2ad789}"
EndProject
Project("{FAE04EC0-301F-11D3-BF4B-00C04F79EFBC}") = "Unity.AI.Navigation.Editor.ConversionSystem", "Unity.AI.Navigation.Editor.ConversionSystem.csproj", "{c46e0158-0d81-d272-717a-756696b0e0ac}"
EndProject
Project("{FAE04EC0-301F-11D3-BF4B-00C04F79EFBC}") = "Unity.InternalAPIEngineBridge.004", "Unity.InternalAPIEngineBridge.004.csproj", "{cbcfc1e9-ebea-281c-20d3-ca680e3dc79e}"
EndProject
Project("{FAE04EC0-301F-11D3-BF4B-00C04F79EFBC}") = "Unity.CollabProxy.Editor", "Unity.CollabProxy.Editor.csproj", "{bc34c8c4-9865-d59e-5086-58f21f9e08da}"
EndProject
Project("{FAE04EC0-301F-11D3-BF4B-00C04F79EFBC}") = "Unity.TextMeshPro", "Unity.TextMeshPro.csproj", "{13b9c3da-153a-2b86-1b90-099075bbdafd}"
EndProject
Project("{FAE04EC0-301F-11D3-BF4B-00C04F79EFBC}") = "Unity.VSCode.Editor", "Unity.VSCode.Editor.csproj", "{10459770-b5be-f462-ad61-4a432b61a36a}"
EndProject
Project("{FAE04EC0-301F-11D3-BF4B-00C04F79EFBC}") = "Unity.AI.Navigation.Updater", "Unity.AI.Navigation.Updater.csproj", "{bab43483-a8d5-a600-4032-705e7ae7608c}"
EndProject
Project("{FAE04EC0-301F-11D3-BF4B-00C04F79EFBC}") = "UnityEditor.UI.EditorTests", "UnityEditor.UI.EditorTests.csproj", "{83ff7fb9-6d15-5b9c-d082-4156c0f1a7bd}"
EndProject
Project("{FAE04EC0-301F-11D3-BF4B-00C04F79EFBC}") = "Unity.Multiplayer.Center.Common", "Unity.Multiplayer.Center.Common.csproj", "{f61b5c63-5ce8-e8ee-dba1-d547576b2f40}"
EndProject
Project("{FAE04EC0-301F-11D3-BF4B-00C04F79EFBC}") = "Unity.TextMeshPro.Editor.Tests", "Unity.TextMeshPro.Editor.Tests.csproj", "{26b64981-0f35-db5e-d861-3f3d06172168}"
EndProject
Project("{FAE04EC0-301F-11D3-BF4B-00C04F79EFBC}") = "UnityEditor.UI.Common.Tests", "UnityEditor.UI.Common.Tests.csproj", "{4e1f126b-8304-cd7a-5db4-255dbe41cac6}"
EndProject
Project("{FAE04EC0-301F-11D3-BF4B-00C04F79EFBC}") = "Unity.TextMeshPro.Tests", "Unity.TextMeshPro.Tests.csproj", "{878d131b-77ef-a363-fee2-eeac914ec0b7}"
EndProject
Project("{FAE04EC0-301F-11D3-BF4B-00C04F79EFBC}") = "Unity.PlasticSCM.Editor.Entities", "Unity.PlasticSCM.Editor.Entities.csproj", "{01fff7e2-f4c6-4876-7060-8e4b4c98deb0}"
EndProject
Project("{FAE04EC0-301F-11D3-BF4B-00C04F79EFBC}") = "TestNewCustomAssembly", "TestNewCustomAssembly.csproj", "{fcb46476-1c2c-754c-0137-33eefb80da59}"
EndProject
Global
	GlobalSection(SolutionConfigurationPlatforms) = preSolution
		Debug|Any CPU = Debug|Any CPU
	EndGlobalSection
	GlobalSection(ProjectConfigurationPlatforms) = postSolution
		{927d930b-7181-0bcf-2875-794711d73f31}.Debug|Any CPU.ActiveCfg = Debug|Any CPU
		{927d930b-7181-0bcf-2875-794711d73f31}.Debug|Any CPU.Build.0 = Debug|Any CPU
		{e961accc-d446-4238-5a31-d12da1b1cbc5}.Debug|Any CPU.ActiveCfg = Debug|Any CPU
		{e961accc-d446-4238-5a31-d12da1b1cbc5}.Debug|Any CPU.Build.0 = Debug|Any CPU
		{d1f0993c-34df-57d0-fc95-6ea448bc8f77}.Debug|Any CPU.ActiveCfg = Debug|Any CPU
		{d1f0993c-34df-57d0-fc95-6ea448bc8f77}.Debug|Any CPU.Build.0 = Debug|Any CPU
		{74b703b0-fec5-ab52-f674-c778516addc7}.Debug|Any CPU.ActiveCfg = Debug|Any CPU
		{74b703b0-fec5-ab52-f674-c778516addc7}.Debug|Any CPU.Build.0 = Debug|Any CPU
		{3c195870-51ef-9068-be27-85403de85177}.Debug|Any CPU.ActiveCfg = Debug|Any CPU
		{3c195870-51ef-9068-be27-85403de85177}.Debug|Any CPU.Build.0 = Debug|Any CPU
		{c63e1979-a329-2692-fbf6-df093b3518f7}.Debug|Any CPU.ActiveCfg = Debug|Any CPU
		{c63e1979-a329-2692-fbf6-df093b3518f7}.Debug|Any CPU.Build.0 = Debug|Any CPU
		{6ac42c92-84dc-8e3d-7a4d-cae85ad45482}.Debug|Any CPU.ActiveCfg = Debug|Any CPU
		{6ac42c92-84dc-8e3d-7a4d-cae85ad45482}.Debug|Any CPU.Build.0 = Debug|Any CPU
		{30f7be30-61d9-987b-519d-d157676a19b8}.Debug|Any CPU.ActiveCfg = Debug|Any CPU
		{30f7be30-61d9-987b-519d-d157676a19b8}.Debug|Any CPU.Build.0 = Debug|Any CPU
		{a91f2e47-bb0f-7adb-f214-e66b7ae57047}.Debug|Any CPU.ActiveCfg = Debug|Any CPU
		{a91f2e47-bb0f-7adb-f214-e66b7ae57047}.Debug|Any CPU.Build.0 = Debug|Any CPU
		{b4681daa-7a41-58cf-0b3b-73d1ad2ddbd1}.Debug|Any CPU.ActiveCfg = Debug|Any CPU
		{b4681daa-7a41-58cf-0b3b-73d1ad2ddbd1}.Debug|Any CPU.Build.0 = Debug|Any CPU
		{780b1601-2275-9837-89dc-31c9b212825e}.Debug|Any CPU.ActiveCfg = Debug|Any CPU
		{780b1601-2275-9837-89dc-31c9b212825e}.Debug|Any CPU.Build.0 = Debug|Any CPU
		{5632f12f-6e97-7f50-1ae0-002d0bd7f42b}.Debug|Any CPU.ActiveCfg = Debug|Any CPU
		{5632f12f-6e97-7f50-1ae0-002d0bd7f42b}.Debug|Any CPU.Build.0 = Debug|Any CPU
		{4bbc3fb9-1ff7-866f-1aff-3e8779c18737}.Debug|Any CPU.ActiveCfg = Debug|Any CPU
		{4bbc3fb9-1ff7-866f-1aff-3e8779c18737}.Debug|Any CPU.Build.0 = Debug|Any CPU
		{1d21cfa1-f10a-41a1-b7b3-67f4a6e7d539}.Debug|Any CPU.ActiveCfg = Debug|Any CPU
		{1d21cfa1-f10a-41a1-b7b3-67f4a6e7d539}.Debug|Any CPU.Build.0 = Debug|Any CPU
		{0b40da65-c0ec-efe7-dac4-710f923da779}.Debug|Any CPU.ActiveCfg = Debug|Any CPU
		{0b40da65-c0ec-efe7-dac4-710f923da779}.Debug|Any CPU.Build.0 = Debug|Any CPU
		{50f7b56a-7601-f0e3-a98e-ebcb7927f0ea}.Debug|Any CPU.ActiveCfg = Debug|Any CPU
		{50f7b56a-7601-f0e3-a98e-ebcb7927f0ea}.Debug|Any CPU.Build.0 = Debug|Any CPU
		{7620d5a0-efc7-d5d4-3b05-9ae6cd2ad789}.Debug|Any CPU.ActiveCfg = Debug|Any CPU
		{7620d5a0-efc7-d5d4-3b05-9ae6cd2ad789}.Debug|Any CPU.Build.0 = Debug|Any CPU
		{c46e0158-0d81-d272-717a-756696b0e0ac}.Debug|Any CPU.ActiveCfg = Debug|Any CPU
		{c46e0158-0d81-d272-717a-756696b0e0ac}.Debug|Any CPU.Build.0 = Debug|Any CPU
		{cbcfc1e9-ebea-281c-20d3-ca680e3dc79e}.Debug|Any CPU.ActiveCfg = Debug|Any CPU
		{cbcfc1e9-ebea-281c-20d3-ca680e3dc79e}.Debug|Any CPU.Build.0 = Debug|Any CPU
		{bc34c8c4-9865-d59e-5086-58f21f9e08da}.Debug|Any CPU.ActiveCfg = Debug|Any CPU
		{bc34c8c4-9865-d59e-5086-58f21f9e08da}.Debug|Any CPU.Build.0 = Debug|Any CPU
		{13b9c3da-153a-2b86-1b90-099075bbdafd}.Debug|Any CPU.ActiveCfg = Debug|Any CPU
		{13b9c3da-153a-2b86-1b90-099075bbdafd}.Debug|Any CPU.Build.0 = Debug|Any CPU
		{10459770-b5be-f462-ad61-4a432b61a36a}.Debug|Any CPU.ActiveCfg = Debug|Any CPU
		{10459770-b5be-f462-ad61-4a432b61a36a}.Debug|Any CPU.Build.0 = Debug|Any CPU
		{bab43483-a8d5-a600-4032-705e7ae7608c}.Debug|Any CPU.ActiveCfg = Debug|Any CPU
		{bab43483-a8d5-a600-4032-705e7ae7608c}.Debug|Any CPU.Build.0 = Debug|Any CPU
		{83ff7fb9-6d15-5b9c-d082-4156c0f1a7bd}.Debug|Any CPU.ActiveCfg = Debug|Any CPU
		{83ff7fb9-6d15-5b9c-d082-4156c0f1a7bd}.Debug|Any CPU.Build.0 = Debug|Any CPU
		{f61b5c63-5ce8-e8ee-dba1-d547576b2f40}.Debug|Any CPU.ActiveCfg = Debug|Any CPU
		{f61b5c63-5ce8-e8ee-dba1-d547576b2f40}.Debug|Any CPU.Build.0 = Debug|Any CPU
		{26b64981-0f35-db5e-d861-3f3d06172168}.Debug|Any CPU.ActiveCfg = Debug|Any CPU
		{26b64981-0f35-db5e-d861-3f3d06172168}.Debug|Any CPU.Build.0 = Debug|Any CPU
		{4e1f126b-8304-cd7a-5db4-255dbe41cac6}.Debug|Any CPU.ActiveCfg = Debug|Any CPU
		{4e1f126b-8304-cd7a-5db4-255dbe41cac6}.Debug|Any CPU.Build.0 = Debug|Any CPU
		{878d131b-77ef-a363-fee2-eeac914ec0b7}.Debug|Any CPU.ActiveCfg = Debug|Any CPU
		{878d131b-77ef-a363-fee2-eeac914ec0b7}.Debug|Any CPU.Build.0 = Debug|Any CPU
		{01fff7e2-f4c6-4876-7060-8e4b4c98deb0}.Debug|Any CPU.ActiveCfg = Debug|Any CPU
		{01fff7e2-f4c6-4876-7060-8e4b4c98deb0}.Debug|Any CPU.Build.0 = Debug|Any CPU
		{fcb46476-1c2c-754c-0137-33eefb80da59}.Debug|Any CPU.ActiveCfg = Debug|Any CPU
		{fcb46476-1c2c-754c-0137-33eefb80da59}.Debug|Any CPU.Build.0 = Debug|Any CPU
	EndGlobalSection
	GlobalSection(SolutionProperties) = preSolution
		HideSolutionNode = FALSE
	EndGlobalSection
EndGlobal
