
Microsoft Visual Studio Solution File, Format Version 12.00
# Visual Studio 2015
Project("{FAE04EC0-301F-11D3-BF4B-00C04F79EFBC}") = "Turret_Battlegrounds", "Turret_Battlegrounds.csproj", "{65331C39-28D4-1B9B-0861-B2BBFB32E1E2}"
EndProject
Global
	GlobalSection(SolutionConfigurationPlatforms) = preSolution
		Debug|Any CPU = Debug|Any CPU
		Release|Any CPU = Release|Any CPU
	EndGlobalSection
	GlobalSection(ProjectConfigurationPlatforms) = postSolution
		{65331C39-28D4-1B9B-0861-B2BBFB32E1E2}.Debug|Any CPU.ActiveCfg = Debug|Any CPU
		{65331C39-28D4-1B9B-0861-B2BBFB32E1E2}.Debug|Any CPU.Build.0 = Debug|Any CPU
		{65331C39-28D4-1B9B-0861-B2BBFB32E1E2}.Release|Any CPU.ActiveCfg = Release|Any CPU
		{65331C39-28D4-1B9B-0861-B2BBFB32E1E2}.Release|Any CPU.Build.0 = Release|Any CPU
	EndGlobalSection
	GlobalSection(SolutionProperties) = preSolution
		HideSolutionNode = FALSE
	EndGlobalSection
EndGlobal
